
Microsoft Visual Studio Solution File, Format Version 12.00
# Visual Studio Version 17
VisualStudioVersion = 17.6.33815.320
MinimumVisualStudioVersion = 10.0.40219.1
Project("{FAE04EC0-301F-11D3-BF4B-00C04F79EFBC}") = "WebAppDemo", "WebAppDemo\WebAppDemo.csproj", "{16BAD19F-0D34-4C41-A105-604D615F34F2}"
EndProject
Global
	GlobalSection(SolutionConfigurationPlatforms) = preSolution
		Debug|Any CPU = Debug|Any CPU
		Release|Any CPU = Release|Any CPU
	EndGlobalSection
	GlobalSection(ProjectConfigurationPlatforms) = postSolution
		{16BAD19F-0D34-4C41-A105-604D615F34F2}.Debug|Any CPU.ActiveCfg = Debug|Any CPU
		{16BAD19F-0D34-4C41-A105-604D615F34F2}.Debug|Any CPU.Build.0 = Debug|Any CPU
		{16BAD19F-0D34-4C41-A105-604D615F34F2}.Release|Any CPU.ActiveCfg = Release|Any CPU
		{16BAD19F-0D34-4C41-A105-604D615F34F2}.Release|Any CPU.Build.0 = Release|Any CPU
	EndGlobalSection
	GlobalSection(SolutionProperties) = preSolution
		HideSolutionNode = FALSE
	EndGlobalSection
	GlobalSection(ExtensibilityGlobals) = postSolution
		SolutionGuid = {29E0E9CB-3AFC-4687-84D3-9243E285CE79}
	EndGlobalSection
EndGlobal
